
Microsoft Visual Studio Solution File, Format Version 12.00
# Visual Studio 2013
VisualStudioVersion = 12.0.31101.0
MinimumVisualStudioVersion = 10.0.40219.1
Project("{FAE04EC0-301F-11D3-BF4B-00C04F79EFBC}") = "Neudesic.AgileDefender.Services", "Neudesic.AgileDefender.Services\Neudesic.AgileDefender.Services.csproj", "{AEEAD0AD-84D2-4217-9765-15B69F6BFF1D}"
EndProject
Project("{2150E333-8FDC-42A3-9474-1A3956D46DE8}") = ".nuget", ".nuget", "{3F9E76DA-6C0A-4F31-BD78-74D2FE0D3FDB}"
	ProjectSection(SolutionItems) = preProject
		.nuget\NuGet.Config = .nuget\NuGet.Config
		.nuget\NuGet.exe = .nuget\NuGet.exe
		.nuget\NuGet.targets = .nuget\NuGet.targets
	EndProjectSection
EndProject
Global
	GlobalSection(SolutionConfigurationPlatforms) = preSolution
		Debug|Any CPU = Debug|Any CPU
		Release|Any CPU = Release|Any CPU
	EndGlobalSection
	GlobalSection(ProjectConfigurationPlatforms) = postSolution
		{AEEAD0AD-84D2-4217-9765-15B69F6BFF1D}.Debug|Any CPU.ActiveCfg = Debug|Any CPU
		{AEEAD0AD-84D2-4217-9765-15B69F6BFF1D}.Debug|Any CPU.Build.0 = Debug|Any CPU
		{AEEAD0AD-84D2-4217-9765-15B69F6BFF1D}.Release|Any CPU.ActiveCfg = Release|Any CPU
		{AEEAD0AD-84D2-4217-9765-15B69F6BFF1D}.Release|Any CPU.Build.0 = Release|Any CPU
	EndGlobalSection
	GlobalSection(SolutionProperties) = preSolution
		HideSolutionNode = FALSE
	EndGlobalSection
EndGlobal
